
Microsoft Visual Studio Solution File, Format Version 12.00
# Visual Studio Version 17
VisualStudioVersion = 17.7.34202.233
MinimumVisualStudioVersion = 10.0.40219.1
Project("{9A19103F-16F7-4668-BE54-9A1E7A4F7556}") = "BookStore", "BookStore\BookStore.csproj", "{A45C674E-9ABA-4334-BD13-DEC72220B428}"
EndProject
Project("{FAE04EC0-301F-11D3-BF4B-00C04F79EFBC}") = "BookStore.DataAccess", "BookStore.DataAccess\BookStore.DataAccess.csproj", "{F32CBA87-725F-4A92-B8A3-E0F4DDDE5240}"
EndProject
Project("{FAE04EC0-301F-11D3-BF4B-00C04F79EFBC}") = "BookStore.Utility", "BookStore.Utility\BookStore.Utility.csproj", "{FB7B35AE-AF96-44D7-9924-15AB4F8BC3C1}"
EndProject
Project("{FAE04EC0-301F-11D3-BF4B-00C04F79EFBC}") = "BookStore.Models", "Models\BookStore.Models.csproj", "{3A679152-77E0-46F1-B1A4-8AA7B3F45A0F}"
EndProject
Global
	GlobalSection(SolutionConfigurationPlatforms) = preSolution
		Debug|Any CPU = Debug|Any CPU
		Release|Any CPU = Release|Any CPU
	EndGlobalSection
	GlobalSection(ProjectConfigurationPlatforms) = postSolution
		{A45C674E-9ABA-4334-BD13-DEC72220B428}.Debug|Any CPU.ActiveCfg = Debug|Any CPU
		{A45C674E-9ABA-4334-BD13-DEC72220B428}.Debug|Any CPU.Build.0 = Debug|Any CPU
		{A45C674E-9ABA-4334-BD13-DEC72220B428}.Release|Any CPU.ActiveCfg = Release|Any CPU
		{A45C674E-9ABA-4334-BD13-DEC72220B428}.Release|Any CPU.Build.0 = Release|Any CPU
		{F32CBA87-725F-4A92-B8A3-E0F4DDDE5240}.Debug|Any CPU.ActiveCfg = Debug|Any CPU
		{F32CBA87-725F-4A92-B8A3-E0F4DDDE5240}.Debug|Any CPU.Build.0 = Debug|Any CPU
		{F32CBA87-725F-4A92-B8A3-E0F4DDDE5240}.Release|Any CPU.ActiveCfg = Release|Any CPU
		{F32CBA87-725F-4A92-B8A3-E0F4DDDE5240}.Release|Any CPU.Build.0 = Release|Any CPU
		{FB7B35AE-AF96-44D7-9924-15AB4F8BC3C1}.Debug|Any CPU.ActiveCfg = Debug|Any CPU
		{FB7B35AE-AF96-44D7-9924-15AB4F8BC3C1}.Debug|Any CPU.Build.0 = Debug|Any CPU
		{FB7B35AE-AF96-44D7-9924-15AB4F8BC3C1}.Release|Any CPU.ActiveCfg = Release|Any CPU
		{FB7B35AE-AF96-44D7-9924-15AB4F8BC3C1}.Release|Any CPU.Build.0 = Release|Any CPU
		{3A679152-77E0-46F1-B1A4-8AA7B3F45A0F}.Debug|Any CPU.ActiveCfg = Debug|Any CPU
		{3A679152-77E0-46F1-B1A4-8AA7B3F45A0F}.Debug|Any CPU.Build.0 = Debug|Any CPU
		{3A679152-77E0-46F1-B1A4-8AA7B3F45A0F}.Release|Any CPU.ActiveCfg = Release|Any CPU
		{3A679152-77E0-46F1-B1A4-8AA7B3F45A0F}.Release|Any CPU.Build.0 = Release|Any CPU
	EndGlobalSection
	GlobalSection(SolutionProperties) = preSolution
		HideSolutionNode = FALSE
	EndGlobalSection
	GlobalSection(ExtensibilityGlobals) = postSolution
		SolutionGuid = {C8CD5EE3-C304-474B-B2A5-21DDE1D14E93}
	EndGlobalSection
EndGlobal
